
Microsoft Visual Studio Solution File, Format Version 12.00
# Visual Studio Version 16
VisualStudioVersion = 25.0.1706.3
MinimumVisualStudioVersion = 10.0.40219.1
Project("{FAE04EC0-301F-11D3-BF4B-00C04F79EFBC}") = "Google-Like-Blazor", "Google-Like-Blazor\Google-Like-Blazor.csproj", "{E5F6F6F8-2BF4-41B8-B741-14EB1145A973}"
EndProject
Project("{FAE04EC0-301F-11D3-BF4B-00C04F79EFBC}") = "Google-Like-Blazor.Test", "Google-Like-Blazor.Test\Google-Like-Blazor.Test.csproj", "{330FE9A3-36CC-42D5-BCCB-B60FEE28436A}"
EndProject
Global
	GlobalSection(SolutionConfigurationPlatforms) = preSolution
		Debug|Any CPU = Debug|Any CPU
		Release|Any CPU = Release|Any CPU
	EndGlobalSection
	GlobalSection(ProjectConfigurationPlatforms) = postSolution
		{E5F6F6F8-2BF4-41B8-B741-14EB1145A973}.Debug|Any CPU.ActiveCfg = Debug|Any CPU
		{E5F6F6F8-2BF4-41B8-B741-14EB1145A973}.Debug|Any CPU.Build.0 = Debug|Any CPU
		{E5F6F6F8-2BF4-41B8-B741-14EB1145A973}.Release|Any CPU.ActiveCfg = Release|Any CPU
		{E5F6F6F8-2BF4-41B8-B741-14EB1145A973}.Release|Any CPU.Build.0 = Release|Any CPU
		{61AB3A85-973F-45A7-A199-C8A1EFF07CF2}.Debug|Any CPU.ActiveCfg = Debug|Any CPU
		{61AB3A85-973F-45A7-A199-C8A1EFF07CF2}.Debug|Any CPU.Build.0 = Debug|Any CPU
		{61AB3A85-973F-45A7-A199-C8A1EFF07CF2}.Release|Any CPU.ActiveCfg = Release|Any CPU
		{61AB3A85-973F-45A7-A199-C8A1EFF07CF2}.Release|Any CPU.Build.0 = Release|Any CPU
		{330FE9A3-36CC-42D5-BCCB-B60FEE28436A}.Debug|Any CPU.ActiveCfg = Debug|Any CPU
		{330FE9A3-36CC-42D5-BCCB-B60FEE28436A}.Debug|Any CPU.Build.0 = Debug|Any CPU
		{330FE9A3-36CC-42D5-BCCB-B60FEE28436A}.Release|Any CPU.ActiveCfg = Release|Any CPU
		{330FE9A3-36CC-42D5-BCCB-B60FEE28436A}.Release|Any CPU.Build.0 = Release|Any CPU
	EndGlobalSection
	GlobalSection(SolutionProperties) = preSolution
		HideSolutionNode = FALSE
	EndGlobalSection
	GlobalSection(ExtensibilityGlobals) = postSolution
		SolutionGuid = {F8752744-87D0-4DBF-A9E1-3D9D04A51574}
	EndGlobalSection
EndGlobal
